dependencies:
- name: redis
  repository: https://charts.bitnami.com/bitnami
  version: 19.0.1
- name: postgresql
  repository: https://charts.bitnami.com/bitnami
  version: 16.7.16
- name: rafiki-auth
  repository: https://interledger.github.io/helm-charts
  version: 0.4.0
- name: rafiki-backend
  repository: https://interledger.github.io/helm-charts
  version: 0.4.0
- name: rafiki-frontend
  repository: https://interledger.github.io/helm-charts
  version: 0.4.0
digest: sha256:17177c9728b95379bc074e62fea9e9ebef5936123c210f441b880245dae468bd
generated: "2025-07-09T07:44:16.719821036Z"
